
Microsoft Visual Studio Solution File, Format Version 12.00
# Visual Studio Version 16
VisualStudioVersion = 16.0.30114.105
MinimumVisualStudioVersion = 10.0.40219.1
Project("{FAE04EC0-301F-11D3-BF4B-00C04F79EFBC}") = "Rain.Engine", "Rain.Engine\Rain.Engine.csproj", "{13BBEF61-75A9-4FE4-83A1-2B6250D6A758}"
EndProject
Global
	GlobalSection(SolutionConfigurationPlatforms) = preSolution
		Debug|Any CPU = Debug|Any CPU
		Release|Any CPU = Release|Any CPU
	EndGlobalSection
	GlobalSection(SolutionProperties) = preSolution
		HideSolutionNode = FALSE
	EndGlobalSection
	GlobalSection(ProjectConfigurationPlatforms) = postSolution
		{658AFBFB-5466-4785-9D1B-126F9230DD85}.Debug|Any CPU.ActiveCfg = Debug|Any CPU
		{658AFBFB-5466-4785-9D1B-126F9230DD85}.Debug|Any CPU.Build.0 = Debug|Any CPU
		{658AFBFB-5466-4785-9D1B-126F9230DD85}.Release|Any CPU.ActiveCfg = Release|Any CPU
		{658AFBFB-5466-4785-9D1B-126F9230DD85}.Release|Any CPU.Build.0 = Release|Any CPU
		{13BBEF61-75A9-4FE4-83A1-2B6250D6A758}.Debug|Any CPU.ActiveCfg = Debug|Any CPU
		{13BBEF61-75A9-4FE4-83A1-2B6250D6A758}.Debug|Any CPU.Build.0 = Debug|Any CPU
		{13BBEF61-75A9-4FE4-83A1-2B6250D6A758}.Release|Any CPU.ActiveCfg = Release|Any CPU
		{13BBEF61-75A9-4FE4-83A1-2B6250D6A758}.Release|Any CPU.Build.0 = Release|Any CPU
	EndGlobalSection
EndGlobal
